// !$*UTF8*$!
{
	archiveVersion = 1;
	classes = {
	};
	objectVersion = 50;
	objects = {

/* Begin PBXBuildFile section */
		DABC2E7723A9A94400B67351 /* AppDelegate.swift in Sources */ = {isa = PBXBuildFile; fileRef = DABC2E7623A9A94400B67351 /* AppDelegate.swift */; };
		DABC2E7923A9A94400B67351 /* SceneDelegate.swift in Sources */ = {isa = PBXBuildFile; fileRef = DABC2E7823A9A94400B67351 /* SceneDelegate.swift */; };
		DABC2E7B23A9A94400B67351 /* ViewController.swift in Sources */ = {isa = PBXBuildFile; fileRef = DABC2E7A23A9A94400B67351 /* ViewController.swift */; };
		DABC2E7E23A9A94400B67351 /* Main.storyboard in Resources */ = {isa = PBXBuildFile; fileRef = DABC2E7C23A9A94400B67351 /* Main.storyboard */; };
		DABC2E8023A9A94C00B67351 /* Assets.xcassets in Resources */ = {isa = PBXBuildFile; fileRef = DABC2E7F23A9A94C00B67351 /* Assets.xcassets */; };
		DABC2E8323A9A94C00B67351 /* LaunchScreen.storyboard in Resources */ = {isa = PBXBuildFile; fileRef = DABC2E8123A9A94C00B67351 /* LaunchScreen.storyboard */; };
/* End PBXBuildFile section */

/* Begin PBXFileReference section */
		DABC2E7323A9A94400B67351 /* UITAPGEST.app */ = {isa = PBXFileReference; explicitFileType = wrapper.application; includeInIndex = 0; path = UITAPGEST.app; sourceTree = BUILT_PRODUCTS_DIR; };
		DABC2E7623A9A94400B67351 /* AppDelegate.swift */ = {isa = PBXFileReference; lastKnownFileType = sourcecode.swift; path = AppDelegate.swift; sourceTree = "<group>"; };
		DABC2E7823A9A94400B67351 /* SceneDelegate.swift */ = {isa = PBXFileReference; lastKnownFileType = sourcecode.swift; path = SceneDelegate.swift; sourceTree = "<group>"; };
		DABC2E7A23A9A94400B67351 /* ViewController.swift */ = {isa = PBXFileReference; lastKnownFileType = sourcecode.swift; path = ViewController.swift; sourceTree = "<group>"; };
		DABC2E7D23A9A94400B67351 /* Base */ = {isa = PBXFileReference; lastKnownFileType = file.storyboard; name = Base; path = Base.lproj/Main.storyboard; sourceTree = "<group>"; };
		DABC2E7F23A9A94C00B67351 /* Assets.xcassets */ = {isa = PBXFileReference; lastKnownFileType = folder.assetcatalog; path = Assets.xcassets; sourceTree = "<group>"; };
		DABC2E8223A9A94C00B67351 /* Base */ = {isa = PBXFileReference; lastKnownFileType = file.storyboard; name = Base; path = Base.lproj/LaunchScreen.storyboard; sourceTree = "<group>"; };
		DABC2E8423A9A94C00B67351 /* Info.plist */ = {isa = PBXFileReference; lastKnownFileType = text.plist.xml; path = Info.plist; sourceTree = "<group>"; };
/* End PBXFileReference section */

/* Begin PBXFrameworksBuildPhase section */
		DABC2E7023A9A94400B67351 /* Frameworks */ = {
			isa = PBXFrameworksBuildPhase;
			buildActionMask = 2147483647;
			files = (
			);
			runOnlyForDeploymentPostprocessing = 0;
		};
/* End PBXFrameworksBuildPhase section */

/* Begin PBXGroup section */
		DABC2E6A23A9A94400B67351 = {
			isa = PBXGroup;
			children = (
				DABC2E7523A9A94400B67351 /* UITAPGEST */,
				DABC2E7423A9A94400B67351 /* Products */,
			);
			sourceTree = "<group>";
		};
		DABC2E7423A9A94400B67351 /* Products */ = {
			isa = PBXGroup;
			children = (
				DABC2E7323A9A94400B67351 /* UITAPGEST.app */,
			);
			name = Products;
			sourceTree = "<group>";
		};
		DABC2E7523A9A94400B67351 /* UITAPGEST */ = {
			isa = PBXGroup;
			children = (
				DABC2E7623A9A94400B67351 /* AppDelegate.swift */,
				DABC2E7823A9A94400B67351 /* SceneDelegate.swift */,
				DABC2E7A23A9A94400B67351 /* ViewController.swift */,
				DABC2E7C23A9A94400B67351 /* Main.storyboard */,
				DABC2E7F23A9A94C00B67351 /* Assets.xcassets */,
				DABC2E8123A9A94C00B67351 /* LaunchScreen.storyboard */,
				DABC2E8423A9A94C00B67351 /* Info.plist */,
			);
			path = UITAPGEST;
			sourceTree = "<group>";
		};
/* End PBXGroup section */

/* Begin PBXNativeTarget section */
		DABC2E7223A9A94400B67351 /* UITAPGEST */ = {
			isa = PBXNativeTarget;
			buildConfigurationList = DABC2E8723A9A94C00B67351 /* Build configuration list for PBXNativeTarget "UITAPGEST" */;
			buildPhases = (
				DABC2E6F23A9A94400B67351 /* Sources */,
				DABC2E7023A9A94400B67351 /* Frameworks */,
				DABC2E7123A9A94400B67351 /* Resources */,
			);
			buildRules = (
			);
			dependencies = (
			);
			name = UITAPGEST;
			productName = UITAPGEST;
			productReference = DABC2E7323A9A94400B67351 /* UITAPGEST.app */;
			productType = "com.apple.product-type.application";
		};
/* End PBXNativeTarget section */

/* Begin PBXProject section */
		DABC2E6B23A9A94400B67351 /* Project object */ = {
			isa = PBXProject;
			attributes = {
				LastSwiftUpdateCheck = 1130;
				LastUpgradeCheck = 1130;
				ORGANIZATIONNAME = "Kinney Kare";
				TargetAttributes = {
					DABC2E7223A9A94400B67351 = {
						CreatedOnToolsVersion = 11.3;
					};
				};
			};
			buildConfigurationList = DABC2E6E23A9A94400B67351 /* Build configuration list for PBXProject "UITAPGEST" */;
			compatibilityVersion = "Xcode 9.3";
			developmentRegion = en;
			hasScannedForEncodings = 0;
			knownRegions = (
				en,
				Base,
			);
			mainGroup = DABC2E6A23A9A94400B67351;
			productRefGroup = DABC2E7423A9A94400B67351 /* Products */;
			projectDirPath = "";
			projectRoot = "";
			targets = (
				DABC2E7223A9A94400B67351 /* UITAPGEST */,
			);
		};
/* End PBXProject section */

/* Begin PBXResourcesBuildPhase section */
		DABC2E7123A9A94400B67351 /* Resources */ = {
			isa = PBXResourcesBuildPhase;
			buildActionMask = 2147483647;
			files = (
				DABC2E8323A9A94C00B67351 /* LaunchScreen.storyboard in Resources */,
				DABC2E8023A9A94C00B67351 /* Assets.xcassets in Resources */,
				DABC2E7E23A9A94400B67351 /* Main.storyboard in Resources */,
			);
			runOnlyForDeploymentPostprocessing = 0;
		};
/* End PBXResourcesBuildPhase section */

/* Begin PBXSourcesBuildPhase section */
		DABC2E6F23A9A94400B67351 /* Sources */ = {
			isa = PBXSourcesBuildPhase;
			buildActionMask = 2147483647;
			files = (
				DABC2E7B23A9A94400B67351 /* ViewController.swift in Sources */,
				DABC2E7723A9A94400B67351 /* AppDelegate.swift in Sources */,
				DABC2E7923A9A94400B67351 /* SceneDelegate.swift in Sources */,
			);
			runOnlyForDeploymentPostprocessing = 0;
		};
/* End PBXSourcesBuildPhase section */

/* Begin PBXVariantGroup section */
		DABC2E7C23A9A94400B67351 /* Main.storyboard */ = {
			isa = PBXVariantGroup;
			children = (
				DABC2E7D23A9A94400B67351 /* Base */,
			);
			name = Main.storyboard;
			sourceTree = "<group>";
		};
		DABC2E8123A9A94C00B67351 /* LaunchScreen.storyboard */ = {
			isa = PBXVariantGroup;
			children = (
				DABC2E8223A9A94C00B67351 /* Base */,
			);
			name = LaunchScreen.storyboard;
			sourceTree = "<group>";
		};
/* End PBXVariantGroup section */

/* Begin XCBuildConfiguration section */
		DABC2E8523A9A94C00B67351 /* Debug */ = {
			isa = XCBuildConfiguration;
			buildSettings = {
				ALWAYS_SEARCH_USER_PATHS = NO;
				CLANG_ANALYZER_NONNULL = YES;
				CLANG_ANALYZER_NUMBER_OBJECT_CONVERSION = YES_AGGRESSIVE;
				CLANG_CXX_LANGUAGE_STANDARD = "gnu++14";
				CLANG_CXX_LIBRARY = "libc++";
				CLANG_ENABLE_MODULES = YES;
				CLANG_ENABLE_OBJC_ARC = YES;
				CLANG_ENABLE_OBJC_WEAK = YES;
				CLANG_WARN_BLOCK_CAPTURE_AUTORELEASING = YES;
				CLANG_WARN_BOOL_CONVERSION = YES;
				CLANG_WARN_COMMA = YES;
				CLANG_WARN_CONSTANT_CONVERSION = YES;
				CLANG_WARN_DEPRECATED_OBJC_IMPLEMENTATIONS = YES;
				CLANG_WARN_DIRECT_OBJC_ISA_USAGE = YES_ERROR;
				CLANG_WARN_DOCUMENTATION_COMMENTS = YES;
				CLANG_WARN_EMPTY_BODY = YES;
				CLANG_WARN_ENUM_CONVERSION = YES;
				CLANG_WARN_INFINITE_RECURSION = YES;
				CLANG_WARN_INT_CONVERSION = YES;
				CLANG_WARN_NON_LITERAL_NULL_CONVERSION = YES;
				CLANG_WARN_OBJC_IMPLICIT_RETAIN_SELF = YES;
				CLANG_WARN_OBJC_LITERAL_CONVERSION = YES;
				CLANG_WARN_OBJC_ROOT_CLASS = YES_ERROR;
				CLANG_WARN_RANGE_LOOP_ANALYSIS = YES;
				CLANG_WARN_STRICT_PROTOTYPES = YES;
				CLANG_WARN_SUSPICIOUS_MOVE = YES;
				CLANG_WARN_UNGUARDED_AVAILABILITY = YES_AGGRESSIVE;
				CLANG_WARN_UNREACHABLE_CODE = YES;
				CLANG_WARN__DUPLICATE_METHOD_MATCH = YES;
				COPY_PHASE_STRIP = NO;
				DEBUG_INFORMATION_FORMAT = dwarf;
				ENABLE_STRICT_OBJC_MSGSEND = YES;
				ENABLE_TESTABILITY = YES;
				GCC_C_LANGUAGE_STANDARD = gnu11;
				GCC_DYNAMIC_NO_PIC = NO;
				GCC_NO_COMMON_BLOCKS = YES;
				GCC_OPTIMIZATION_LEVEL = 0;
				GCC_PREPROCESSOR_DEFINITIONS = (
					"DEBUG=1",
					"$(inherited)",
				);
				GCC_WARN_64_TO_32_BIT_CONVERSION = YES;
				GCC_WARN_ABOUT_RETURN_TYPE = YES_ERROR;
				GCC_WARN_UNDECLARED_SELECTOR = YES;
				GCC_WARN_UNINITIALIZED_AUTOS = YES_AGGRESSIVE;
				GCC_WARN_UNUSED_FUNCTION = YES;
				GCC_WARN_UNUSED_VARIABLE = YES;
				IPHONEOS_DEPLOYMENT_TARGET = 13.2;
				MTL_ENABLE_DEBUG_INFO = INCLUDE_SOURCE;
				MTL_FAST_MATH = YES;
				ONLY_ACTIVE_ARCH = YES;
				SDKROOT = iphoneos;
				SWIFT_ACTIVE_COMPILATION_CONDITIONS = DEBUG;
				SWIFT_OPTIMIZATION_LEVEL = "-Onone";
			};
			name = Debug;
		};
		DABC2E8623A9A94C00B67351 /* Release */ = {
			isa = XCBuildConfiguration;
			buildSettings = {
				ALWAYS_SEARCH_USER_PATHS = NO;
				CLANG_ANALYZER_NONNULL = YES;
				CLANG_ANALYZER_NUMBER_OBJECT_CONVERSION = YES_AGGRESSIVE;
				CLANG_CXX_LANGUAGE_STANDARD = "gnu++14";
				CLANG_CXX_LIBRARY = "libc++";
				CLANG_ENABLE_MODULES = YES;
				CLANG_ENABLE_OBJC_ARC = YES;
				CLANG_ENABLE_OBJC_WEAK = YES;
				CLANG_WARN_BLOCK_CAPTURE_AUTORELEASING = YES;
				CLANG_WARN_BOOL_CONVERSION = YES;
				CLANG_WARN_COMMA = YES;
				CLANG_WARN_CONSTANT_CONVERSION = YES;
				CLANG_WARN_DEPRECATED_OBJC_IMPLEMENTATIONS = YES;
				CLANG_WARN_DIRECT_OBJC_ISA_USAGE = YES_ERROR;
				CLANG_WARN_DOCUMENTATION_COMMENTS = YES;
				CLANG_WARN_EMPTY_BODY = YES;
				CLANG_WARN_ENUM_CONVERSION = YES;
				CLANG_WARN_INFINITE_RECURSION = YES;
				CLANG_WARN_INT_CONVERSION = YES;
				CLANG_WARN_NON_LITERAL_NULL_CONVERSION = YES;
				CLANG_WARN_OBJC_IMPLICIT_RETAIN_SELF = YES;
				CLANG_WARN_OBJC_LITERAL_CONVERSION = YES;
				CLANG_WARN_OBJC_ROOT_CLASS = YES_ERROR;
				CLANG_WARN_RANGE_LOOP_ANALYSIS = YES;
				CLANG_WARN_STRICT_PROTOTYPES = YES;
				CLANG_WARN_SUSPICIOUS_MOVE = YES;
				CLANG_WARN_UNGUARDED_AVAILABILITY = YES_AGGRESSIVE;
				CLANG_WARN_UNREACHABLE_CODE = YES;
				CLANG_WARN__DUPLICATE_METHOD_MATCH = YES;
				COPY_PHASE_STRIP = NO;
				DEBUG_INFORMATION_FORMAT = "dwarf-with-dsym";
				ENABLE_NS_ASSERTIONS = NO;
				ENABLE_STRICT_OBJC_MSGSEND = YES;
				GCC_C_LANGUAGE_STANDARD = gnu11;
				GCC_NO_COMMON_BLOCKS = YES;
				GCC_WARN_64_TO_32_BIT_CONVERSION = YES;
				GCC_WARN_ABOUT_RETURN_TYPE = YES_ERROR;
				GCC_WARN_UNDECLARED_SELECTOR = YES;
				GCC_WARN_UNINITIALIZED_AUTOS = YES_AGGRESSIVE;
				GCC_WARN_UNUSED_FUNCTION = YES;
				GCC_WARN_UNUSED_VARIABLE = YES;
				IPHONEOS_DEPLOYMENT_TARGET = 13.2;
				MTL_ENABLE_DEBUG_INFO = NO;
				MTL_FAST_MATH = YES;
				SDKROOT = iphoneos;
				SWIFT_COMPILATION_MODE = wholemodule;
				SWIFT_OPTIMIZATION_LEVEL = "-O";
				VALIDATE_PRODUCT = YES;
			};
			name = Release;
		};
		DABC2E8823A9A94C00B67351 /* Debug */ = {
			isa = XCBuildConfiguration;
			buildSettings = {
				ASSETCATALOG_COMPILER_APPICON_NAME = AppIcon;
				CODE_SIGN_STYLE = Automatic;
				DEVELOPMENT_TEAM = R7SHSK6MNC;
				INFOPLIST_FILE = UITAPGEST/Info.plist;
				LD_RUNPATH_SEARCH_PATHS = (
					"$(inherited)",
					"@executable_path/Frameworks",
				);
				PRODUCT_BUNDLE_IDENTIFIER = com.kinneykare.UITAPGEST;
				PRODUCT_NAME = "$(TARGET_NAME)";
				SWIFT_VERSION = 5.0;
				TARGETED_DEVICE_FAMILY = "1,2";
			};
			name = Debug;
		};
		DABC2E8923A9A94C00B67351 /* Release */ = {
			isa = XCBuildConfiguration;
			buildSettings = {
				ASSETCATALOG_COMPILER_APPICON_NAME = AppIcon;
				CODE_SIGN_STYLE = Automatic;
				DEVELOPMENT_TEAM = R7SHSK6MNC;
				INFOPLIST_FILE = UITAPGEST/Info.plist;
				LD_RUNPATH_SEARCH_PATHS = (
					"$(inherited)",
					"@executable_path/Frameworks",
				);
				PRODUCT_BUNDLE_IDENTIFIER = com.kinneykare.UITAPGEST;
				PRODUCT_NAME = "$(TARGET_NAME)";
				SWIFT_VERSION = 5.0;
				TARGETED_DEVICE_FAMILY = "1,2";
			};
			name = Release;
		};
/* End XCBuildConfiguration section */

/* Begin XCConfigurationList section */
		DABC2E6E23A9A94400B67351 /* Build configuration list for PBXProject "UITAPGEST" */ = {
			isa = XCConfigurationList;
			buildConfigurations = (
				DABC2E8523A9A94C00B67351 /* Debug */,
				DABC2E8623A9A94C00B67351 /* Release */,
			);
			defaultConfigurationIsVisible = 0;
			defaultConfigurationName = Release;
		};
		DABC2E8723A9A94C00B67351 /* Build configuration list for PBXNativeTarget "UITAPGEST" */ = {
			isa = XCConfigurationList;
			buildConfigurations = (
				DABC2E8823A9A94C00B67351 /* Debug */,
				DABC2E8923A9A94C00B67351 /* Release */,
			);
			defaultConfigurationIsVisible = 0;
			defaultConfigurationName = Release;
		};
/* End XCConfigurationList section */
	};
	rootObject = DABC2E6B23A9A94400B67351 /* Project object */;
}
